
Microsoft Visual Studio Solution File, Format Version 12.00
# Visual Studio Version 16
VisualStudioVersion = 16.0.30309.148
MinimumVisualStudioVersion = 10.0.40219.1
Project("{9A19103F-16F7-4668-BE54-9A1E7A4F7556}") = "Models", "Models\Models.csproj", "{062D8ACD-B6CA-4CE8-B159-48928225465C}"
EndProject
Project("{FAE04EC0-301F-11D3-BF4B-00C04F79EFBC}") = "Helpers", "Repository\Helpers.csproj", "{EAF6E3A4-CFA5-48A4-964A-7E9115A50AA1}"
EndProject
Project("{FAE04EC0-301F-11D3-BF4B-00C04F79EFBC}") = "TokenManagerFunctions", "GetTokenFunction\TokenManagerFunctions.csproj", "{92024757-99A7-4A71-A750-CE661F39A97A}"
EndProject
Project("{FAE04EC0-301F-11D3-BF4B-00C04F79EFBC}") = "TokenManager.Test", "TokenManager.Test\TokenManager.Test.csproj", "{47DB7A44-B041-4988-9595-045AF2B6765C}"
EndProject
Global
	GlobalSection(SolutionConfigurationPlatforms) = preSolution
		Debug|Any CPU = Debug|Any CPU
		Release|Any CPU = Release|Any CPU
	EndGlobalSection
	GlobalSection(ProjectConfigurationPlatforms) = postSolution
		{062D8ACD-B6CA-4CE8-B159-48928225465C}.Debug|Any CPU.ActiveCfg = Debug|Any CPU
		{062D8ACD-B6CA-4CE8-B159-48928225465C}.Debug|Any CPU.Build.0 = Debug|Any CPU
		{062D8ACD-B6CA-4CE8-B159-48928225465C}.Release|Any CPU.ActiveCfg = Release|Any CPU
		{062D8ACD-B6CA-4CE8-B159-48928225465C}.Release|Any CPU.Build.0 = Release|Any CPU
		{EAF6E3A4-CFA5-48A4-964A-7E9115A50AA1}.Debug|Any CPU.ActiveCfg = Debug|Any CPU
		{EAF6E3A4-CFA5-48A4-964A-7E9115A50AA1}.Debug|Any CPU.Build.0 = Debug|Any CPU
		{EAF6E3A4-CFA5-48A4-964A-7E9115A50AA1}.Release|Any CPU.ActiveCfg = Release|Any CPU
		{EAF6E3A4-CFA5-48A4-964A-7E9115A50AA1}.Release|Any CPU.Build.0 = Release|Any CPU
		{92024757-99A7-4A71-A750-CE661F39A97A}.Debug|Any CPU.ActiveCfg = Debug|Any CPU
		{92024757-99A7-4A71-A750-CE661F39A97A}.Debug|Any CPU.Build.0 = Debug|Any CPU
		{92024757-99A7-4A71-A750-CE661F39A97A}.Release|Any CPU.ActiveCfg = Release|Any CPU
		{92024757-99A7-4A71-A750-CE661F39A97A}.Release|Any CPU.Build.0 = Release|Any CPU
		{47DB7A44-B041-4988-9595-045AF2B6765C}.Debug|Any CPU.ActiveCfg = Debug|Any CPU
		{47DB7A44-B041-4988-9595-045AF2B6765C}.Debug|Any CPU.Build.0 = Debug|Any CPU
		{47DB7A44-B041-4988-9595-045AF2B6765C}.Release|Any CPU.ActiveCfg = Release|Any CPU
		{47DB7A44-B041-4988-9595-045AF2B6765C}.Release|Any CPU.Build.0 = Release|Any CPU
	EndGlobalSection
	GlobalSection(SolutionProperties) = preSolution
		HideSolutionNode = FALSE
	EndGlobalSection
	GlobalSection(ExtensibilityGlobals) = postSolution
		SolutionGuid = {C37EAFF6-221B-429A-B5D8-799F0CAED9E6}
	EndGlobalSection
EndGlobal
